PODS:
  - Alamofire (4.8.1)
  - AlamofireImage (3.5.0):
    - Alamofire (~> 4.8)
  - Kingfisher (5.1.1)
  - SwiftyJSON (4.2.0)

DEPENDENCIES:
  - Alamofire
  - AlamofireImage
  - Kingfisher (~> 5.0)
  - SwiftyJSON

SPEC REPOS:
  https://github.com/cocoapods/specs.git:
    - Alamofire
    - AlamofireImage
    - Kingfisher
    - SwiftyJSON

SPEC CHECKSUMS:
  Alamofire: 16ce2c353fb72865124ddae8a57c5942388f4f11
  AlamofireImage: 1aea346f4dda2f6c67622fa5a89fcbb80d79cc16
  Kingfisher: 2558186963e5be42d98c5b110ccb3130148b77e4
  SwiftyJSON: c4bcba26dd9ec7a027fc8eade48e2c911f229e96

PODFILE CHECKSUM: e5b5fcbf20869cda5bc572025ecc31efd72c7286

COCOAPODS: 1.6.1
